
Microsoft Visual Studio Solution File, Format Version 12.00
# Visual Studio 2012
Project("{2150E333-8FDC-42A3-9474-1A3956D46DE8}") = "Banjo", "Banjo", "{587F8B10-BF8D-4A82-AC1E-C356FF772CF7}"
EndProject
Project("{FAE04EC0-301F-11D3-BF4B-00C04F79EFBC}") = "Core", "Banjo\Core\Core.csproj", "{779D7875-ADB7-45B6-AADD-658EDFD35081}"
EndProject
Project("{FAE04EC0-301F-11D3-BF4B-00C04F79EFBC}") = "CoreUnitTests", "Banjo\CoreUnitTests\CoreUnitTests.csproj", "{DA7FD2A3-08E0-4CDF-AFAA-3A814D04BFDB}"
EndProject
Project("{FAE04EC0-301F-11D3-BF4B-00C04F79EFBC}") = "Game", "Banjo\Game\Game.csproj", "{2CF55784-DB0A-4F02-AAA8-E32A4952F8BA}"
EndProject
Project("{2150E333-8FDC-42A3-9474-1A3956D46DE8}") = "Unity", "Unity", "{B8FA6569-43BD-4615-A9C5-B00FEB49A19B}"
EndProject
Project("{FAE04EC0-301F-11D3-BF4B-00C04F79EFBC}") = "UnityCore", "Banjo\Unity\UnityCore\UnityCore.csproj", "{C3DA89E1-70C6-7D6C-993E-C8F831D35880}"
EndProject
Project("{FAE04EC0-301F-11D3-BF4B-00C04F79EFBC}") = "UnityEditors", "Banjo\Unity\UnityEditors\UnityEditors.csproj", "{838DC256-B7BC-40CA-9DC5-6860688C958D}"
EndProject
Project("{FAE04EC0-301F-11D3-BF4B-00C04F79EFBC}") = "UnityGame", "Banjo\Unity\UnityGame\UnityGame.csproj", "{EA2AC103-6AD2-4729-9ACC-891737DE3E58}"
EndProject
Project("{FAE04EC0-301F-11D3-BF4B-00C04F79EFBC}") = "UnityResources", "Banjo\Unity\UnityResources\UnityResources.csproj", "{B95665E0-3D5C-41B4-8D63-BE88E75E6EA1}"
EndProject
Project("{FAE04EC0-301F-11D3-BF4B-00C04F79EFBC}") = "UnityRuntime", "Banjo\Unity\UnityRuntime\UnityRuntime.csproj", "{6D9BF525-1CBC-4A09-AF4D-844FB35F872A}"
EndProject
Project("{FAE04EC0-301F-11D3-BF4B-00C04F79EFBC}") = "UnityCoreUnitTests", "Banjo\Unity\UnityCoreUnitTests\UnityCoreUnitTests.csproj", "{257A80D0-7CFD-4BFE-A95C-BA7D21029E6B}"
EndProject
Project("{FAE04EC0-301F-11D3-BF4B-00C04F79EFBC}") = "TestUtilities", "Banjo\TestUtilities\TestUtilities.csproj", "{1C4643D9-52BD-4D03-BAB6-05A8274D0763}"
EndProject
Project("{FAE04EC0-301F-11D3-BF4B-00C04F79EFBC}") = "GameUnitTests", "Banjo\GameUnitTests\GameUnitTests.csproj", "{848B9012-CCD5-4748-81A2-556E93E344E3}"
EndProject
Project("{2150E333-8FDC-42A3-9474-1A3956D46DE8}") = "Orbital", "Orbital", "{327850CA-FC5D-49E2-8ADE-B3ED575420D2}"
EndProject
Project("{FAE04EC0-301F-11D3-BF4B-00C04F79EFBC}") = "Controllers", "Orbital\Controllers\Controllers.csproj", "{C300713C-3C4C-4B5E-B1E4-3AD48C7F5A5C}"
EndProject
Project("{FAE04EC0-301F-11D3-BF4B-00C04F79EFBC}") = "AstroDynamics", "Orbital\AstroDynamics\AstroDynamics.csproj", "{843137A2-AE1F-4B0C-A5DB-6EABDEEB9026}"
EndProject
Project("{FAE04EC0-301F-11D3-BF4B-00C04F79EFBC}") = "AstroDynamicsUnitTests", "Orbital\AstroDynamicsUnitTests\AstroDynamicsUnitTests.csproj", "{2ACDED67-B863-4048-AEFA-DE8D44F84530}"
EndProject
Project("{FAE04EC0-301F-11D3-BF4B-00C04F79EFBC}") = "ControllersUnitTests", "Orbital\ControllersUnitTests\ControllersUnitTests.csproj", "{8540F50E-7328-4A64-9F76-9D9C091A28BA}"
EndProject
Global
	GlobalSection(SolutionConfigurationPlatforms) = preSolution
		Debug|x86 = Debug|x86
		Release|x86 = Release|x86
	EndGlobalSection
	GlobalSection(ProjectConfigurationPlatforms) = postSolution
		{1C4643D9-52BD-4D03-BAB6-05A8274D0763}.Debug|x86.ActiveCfg = Debug|Any CPU
		{1C4643D9-52BD-4D03-BAB6-05A8274D0763}.Debug|x86.Build.0 = Debug|Any CPU
		{1C4643D9-52BD-4D03-BAB6-05A8274D0763}.Release|x86.ActiveCfg = Release|Any CPU
		{1C4643D9-52BD-4D03-BAB6-05A8274D0763}.Release|x86.Build.0 = Release|Any CPU
		{257A80D0-7CFD-4BFE-A95C-BA7D21029E6B}.Debug|x86.ActiveCfg = Debug|Any CPU
		{257A80D0-7CFD-4BFE-A95C-BA7D21029E6B}.Debug|x86.Build.0 = Debug|Any CPU
		{257A80D0-7CFD-4BFE-A95C-BA7D21029E6B}.Release|x86.ActiveCfg = Release|Any CPU
		{257A80D0-7CFD-4BFE-A95C-BA7D21029E6B}.Release|x86.Build.0 = Release|Any CPU
		{2ACDED67-B863-4048-AEFA-DE8D44F84530}.Debug|x86.ActiveCfg = Debug|Any CPU
		{2ACDED67-B863-4048-AEFA-DE8D44F84530}.Debug|x86.Build.0 = Debug|Any CPU
		{2ACDED67-B863-4048-AEFA-DE8D44F84530}.Release|x86.ActiveCfg = Release|Any CPU
		{2ACDED67-B863-4048-AEFA-DE8D44F84530}.Release|x86.Build.0 = Release|Any CPU
		{2CF55784-DB0A-4F02-AAA8-E32A4952F8BA}.Debug|x86.ActiveCfg = Debug|Any CPU
		{2CF55784-DB0A-4F02-AAA8-E32A4952F8BA}.Debug|x86.Build.0 = Debug|Any CPU
		{2CF55784-DB0A-4F02-AAA8-E32A4952F8BA}.Release|x86.ActiveCfg = Release|Any CPU
		{2CF55784-DB0A-4F02-AAA8-E32A4952F8BA}.Release|x86.Build.0 = Release|Any CPU
		{6D9BF525-1CBC-4A09-AF4D-844FB35F872A}.Debug|x86.ActiveCfg = Debug|Any CPU
		{6D9BF525-1CBC-4A09-AF4D-844FB35F872A}.Debug|x86.Build.0 = Debug|Any CPU
		{6D9BF525-1CBC-4A09-AF4D-844FB35F872A}.Release|x86.ActiveCfg = Release|Any CPU
		{6D9BF525-1CBC-4A09-AF4D-844FB35F872A}.Release|x86.Build.0 = Release|Any CPU
		{779D7875-ADB7-45B6-AADD-658EDFD35081}.Debug|x86.ActiveCfg = Debug|Any CPU
		{779D7875-ADB7-45B6-AADD-658EDFD35081}.Debug|x86.Build.0 = Debug|Any CPU
		{779D7875-ADB7-45B6-AADD-658EDFD35081}.Release|x86.ActiveCfg = Release|Any CPU
		{779D7875-ADB7-45B6-AADD-658EDFD35081}.Release|x86.Build.0 = Release|Any CPU
		{838DC256-B7BC-40CA-9DC5-6860688C958D}.Debug|x86.ActiveCfg = Debug|Any CPU
		{838DC256-B7BC-40CA-9DC5-6860688C958D}.Debug|x86.Build.0 = Debug|Any CPU
		{838DC256-B7BC-40CA-9DC5-6860688C958D}.Release|x86.ActiveCfg = Release|Any CPU
		{838DC256-B7BC-40CA-9DC5-6860688C958D}.Release|x86.Build.0 = Release|Any CPU
		{843137A2-AE1F-4B0C-A5DB-6EABDEEB9026}.Debug|x86.ActiveCfg = Debug|Any CPU
		{843137A2-AE1F-4B0C-A5DB-6EABDEEB9026}.Debug|x86.Build.0 = Debug|Any CPU
		{843137A2-AE1F-4B0C-A5DB-6EABDEEB9026}.Release|x86.ActiveCfg = Release|Any CPU
		{843137A2-AE1F-4B0C-A5DB-6EABDEEB9026}.Release|x86.Build.0 = Release|Any CPU
		{848B9012-CCD5-4748-81A2-556E93E344E3}.Debug|x86.ActiveCfg = Debug|Any CPU
		{848B9012-CCD5-4748-81A2-556E93E344E3}.Debug|x86.Build.0 = Debug|Any CPU
		{848B9012-CCD5-4748-81A2-556E93E344E3}.Release|x86.ActiveCfg = Release|Any CPU
		{848B9012-CCD5-4748-81A2-556E93E344E3}.Release|x86.Build.0 = Release|Any CPU
		{8540F50E-7328-4A64-9F76-9D9C091A28BA}.Debug|x86.ActiveCfg = Debug|Any CPU
		{8540F50E-7328-4A64-9F76-9D9C091A28BA}.Debug|x86.Build.0 = Debug|Any CPU
		{8540F50E-7328-4A64-9F76-9D9C091A28BA}.Release|x86.ActiveCfg = Release|Any CPU
		{8540F50E-7328-4A64-9F76-9D9C091A28BA}.Release|x86.Build.0 = Release|Any CPU
		{B95665E0-3D5C-41B4-8D63-BE88E75E6EA1}.Debug|x86.ActiveCfg = Debug|Any CPU
		{B95665E0-3D5C-41B4-8D63-BE88E75E6EA1}.Debug|x86.Build.0 = Debug|Any CPU
		{B95665E0-3D5C-41B4-8D63-BE88E75E6EA1}.Release|x86.ActiveCfg = Release|Any CPU
		{B95665E0-3D5C-41B4-8D63-BE88E75E6EA1}.Release|x86.Build.0 = Release|Any CPU
		{C300713C-3C4C-4B5E-B1E4-3AD48C7F5A5C}.Debug|x86.ActiveCfg = Debug|Any CPU
		{C300713C-3C4C-4B5E-B1E4-3AD48C7F5A5C}.Debug|x86.Build.0 = Debug|Any CPU
		{C300713C-3C4C-4B5E-B1E4-3AD48C7F5A5C}.Release|x86.ActiveCfg = Release|Any CPU
		{C300713C-3C4C-4B5E-B1E4-3AD48C7F5A5C}.Release|x86.Build.0 = Release|Any CPU
		{C3DA89E1-70C6-7D6C-993E-C8F831D35880}.Debug|x86.ActiveCfg = Debug|Any CPU
		{C3DA89E1-70C6-7D6C-993E-C8F831D35880}.Debug|x86.Build.0 = Debug|Any CPU
		{C3DA89E1-70C6-7D6C-993E-C8F831D35880}.Release|x86.ActiveCfg = Release|Any CPU
		{C3DA89E1-70C6-7D6C-993E-C8F831D35880}.Release|x86.Build.0 = Release|Any CPU
		{DA7FD2A3-08E0-4CDF-AFAA-3A814D04BFDB}.Debug|x86.ActiveCfg = Debug|Any CPU
		{DA7FD2A3-08E0-4CDF-AFAA-3A814D04BFDB}.Debug|x86.Build.0 = Debug|Any CPU
		{DA7FD2A3-08E0-4CDF-AFAA-3A814D04BFDB}.Release|x86.ActiveCfg = Release|Any CPU
		{DA7FD2A3-08E0-4CDF-AFAA-3A814D04BFDB}.Release|x86.Build.0 = Release|Any CPU
		{EA2AC103-6AD2-4729-9ACC-891737DE3E58}.Debug|x86.ActiveCfg = Debug|Any CPU
		{EA2AC103-6AD2-4729-9ACC-891737DE3E58}.Debug|x86.Build.0 = Debug|Any CPU
		{EA2AC103-6AD2-4729-9ACC-891737DE3E58}.Release|x86.ActiveCfg = Release|Any CPU
		{EA2AC103-6AD2-4729-9ACC-891737DE3E58}.Release|x86.Build.0 = Release|Any CPU
		{8B6E0C05-96A3-47B7-B345-B01807843EAC}.Debug|x86.ActiveCfg = Debug|Any CPU
		{8B6E0C05-96A3-47B7-B345-B01807843EAC}.Debug|x86.Build.0 = Debug|Any CPU
		{8B6E0C05-96A3-47B7-B345-B01807843EAC}.Release|x86.ActiveCfg = Release|Any CPU
		{8B6E0C05-96A3-47B7-B345-B01807843EAC}.Release|x86.Build.0 = Release|Any CPU
	EndGlobalSection
	GlobalSection(NestedProjects) = preSolution
		{779D7875-ADB7-45B6-AADD-658EDFD35081} = {587F8B10-BF8D-4A82-AC1E-C356FF772CF7}
		{DA7FD2A3-08E0-4CDF-AFAA-3A814D04BFDB} = {587F8B10-BF8D-4A82-AC1E-C356FF772CF7}
		{2CF55784-DB0A-4F02-AAA8-E32A4952F8BA} = {587F8B10-BF8D-4A82-AC1E-C356FF772CF7}
		{B8FA6569-43BD-4615-A9C5-B00FEB49A19B} = {587F8B10-BF8D-4A82-AC1E-C356FF772CF7}
		{1C4643D9-52BD-4D03-BAB6-05A8274D0763} = {587F8B10-BF8D-4A82-AC1E-C356FF772CF7}
		{848B9012-CCD5-4748-81A2-556E93E344E3} = {587F8B10-BF8D-4A82-AC1E-C356FF772CF7}
		{C3DA89E1-70C6-7D6C-993E-C8F831D35880} = {B8FA6569-43BD-4615-A9C5-B00FEB49A19B}
		{838DC256-B7BC-40CA-9DC5-6860688C958D} = {B8FA6569-43BD-4615-A9C5-B00FEB49A19B}
		{EA2AC103-6AD2-4729-9ACC-891737DE3E58} = {B8FA6569-43BD-4615-A9C5-B00FEB49A19B}
		{B95665E0-3D5C-41B4-8D63-BE88E75E6EA1} = {B8FA6569-43BD-4615-A9C5-B00FEB49A19B}
		{6D9BF525-1CBC-4A09-AF4D-844FB35F872A} = {B8FA6569-43BD-4615-A9C5-B00FEB49A19B}
		{257A80D0-7CFD-4BFE-A95C-BA7D21029E6B} = {B8FA6569-43BD-4615-A9C5-B00FEB49A19B}
		{C300713C-3C4C-4B5E-B1E4-3AD48C7F5A5C} = {327850CA-FC5D-49E2-8ADE-B3ED575420D2}
		{843137A2-AE1F-4B0C-A5DB-6EABDEEB9026} = {327850CA-FC5D-49E2-8ADE-B3ED575420D2}
		{2ACDED67-B863-4048-AEFA-DE8D44F84530} = {327850CA-FC5D-49E2-8ADE-B3ED575420D2}
		{8540F50E-7328-4A64-9F76-9D9C091A28BA} = {327850CA-FC5D-49E2-8ADE-B3ED575420D2}
	EndGlobalSection
	GlobalSection(MonoDevelopProperties) = preSolution
		StartupItem = Banjo\Core\Core.csproj
		Policies = $0
		$0.TextStylePolicy = $1
		$1.inheritsSet = VisualStudio
		$1.inheritsScope = text/plain
		$1.scope = text/x-csharp
		$0.CSharpFormattingPolicy = $2
		$2.IndentSwitchBody = True
		$2.IndentBlocksInsideExpressions = True
		$2.AnonymousMethodBraceStyle = NextLine
		$2.PropertyBraceStyle = NextLine
		$2.PropertyGetBraceStyle = NextLine
		$2.PropertySetBraceStyle = NextLine
		$2.EventBraceStyle = NextLine
		$2.EventAddBraceStyle = NextLine
		$2.EventRemoveBraceStyle = NextLine
		$2.StatementBraceStyle = NextLine
		$2.ElseNewLinePlacement = NewLine
		$2.CatchNewLinePlacement = NewLine
		$2.FinallyNewLinePlacement = NewLine
		$2.WhileNewLinePlacement = DoNotCare
		$2.ArrayInitializerWrapping = DoNotChange
		$2.ArrayInitializerBraceStyle = NextLine
		$2.BeforeMethodDeclarationParentheses = False
		$2.BeforeMethodCallParentheses = False
		$2.BeforeConstructorDeclarationParentheses = False
		$2.NewLineBeforeConstructorInitializerColon = NewLine
		$2.NewLineAfterConstructorInitializerColon = SameLine
		$2.BeforeDelegateDeclarationParentheses = False
		$2.NewParentheses = False
		$2.SpacesBeforeBrackets = False
		$2.inheritsSet = Mono
		$2.inheritsScope = text/x-csharp
		$2.scope = text/x-csharp
		$0.DotNetNamingPolicy = $3
		$3.DirectoryNamespaceAssociation = None
		$3.ResourceNamePolicy = FileFormatDefault
		$0.TextStylePolicy = $4
		$4.FileWidth = 120
		$4.TabsToSpaces = False
		$4.inheritsSet = VisualStudio
		$4.inheritsScope = text/plain
		$4.scope = text/plain
	EndGlobalSection
EndGlobal
